// !$*UTF8*$!
{
	archiveVersion = 1;
	classes = {
	};
	objectVersion = 56;
	objects = {

/* Begin PBXBuildFile section */
		FC41D7DF29D950B800174BE3 /* WebKit.framework in Frameworks */ = {isa = PBXBuildFile; fileRef = FC41D7DE29D950B700174BE3 /* WebKit.framework */; };
		FC440D5629DA03380082E73A /* PendingMFAView.swift in Sources */ = {isa = PBXBuildFile; fileRef = FC440D5529DA03380082E73A /* PendingMFAView.swift */; };
		FC440D5829DA05380082E73A /* SignUpView.swift in Sources */ = {isa = PBXBuildFile; fileRef = FC440D5729DA05380082E73A /* SignUpView.swift */; };
		FC440D5A29DA081B0082E73A /* ForgotPasswordView.swift in Sources */ = {isa = PBXBuildFile; fileRef = FC440D5929DA081B0082E73A /* ForgotPasswordView.swift */; };
		FC440D5E29DA0A580082E73A /* MessagesView.swift in Sources */ = {isa = PBXBuildFile; fileRef = FC440D5D29DA0A580082E73A /* MessagesView.swift */; };
		FC440D6029DA0A770082E73A /* RecipientsView.swift in Sources */ = {isa = PBXBuildFile; fileRef = FC440D5F29DA0A770082E73A /* RecipientsView.swift */; };
		FC440D6229DA0A9E0082E73A /* AccountSettingsView.swift in Sources */ = {isa = PBXBuildFile; fileRef = FC440D6129DA0A9E0082E73A /* AccountSettingsView.swift */; };
		FC440D6429DA0ABF0082E73A /* BlockedUsersView.swift in Sources */ = {isa = PBXBuildFile; fileRef = FC440D6329DA0ABF0082E73A /* BlockedUsersView.swift */; };
		FC440D6629DBEF180082E73A /* ProfileModel.swift in Sources */ = {isa = PBXBuildFile; fileRef = FC440D6529DBEF180082E73A /* ProfileModel.swift */; };
		FC440D6829DBF0CF0082E73A /* RecipientsViewModel.swift in Sources */ = {isa = PBXBuildFile; fileRef = FC440D6729DBF0CF0082E73A /* RecipientsViewModel.swift */; };
		FC440D6A29DBF2F50082E73A /* ProfileListModel.swift in Sources */ = {isa = PBXBuildFile; fileRef = FC440D6929DBF2F50082E73A /* ProfileListModel.swift */; };
		FC440D6C29DD55180082E73A /* MessagesViewModel.swift in Sources */ = {isa = PBXBuildFile; fileRef = FC440D6B29DD55180082E73A /* MessagesViewModel.swift */; };
		FC440D6E29DD55DD0082E73A /* MessageModel.swift in Sources */ = {isa = PBXBuildFile; fileRef = FC440D6D29DD55DD0082E73A /* MessageModel.swift */; };
		FC440D7029DD55EB0082E73A /* SenderCardModel.swift in Sources */ = {isa = PBXBuildFile; fileRef = FC440D6F29DD55EB0082E73A /* SenderCardModel.swift */; };
		FC440D7229DD56C50082E73A /* MessageAPIModel.swift in Sources */ = {isa = PBXBuildFile; fileRef = FC440D7129DD56C40082E73A /* MessageAPIModel.swift */; };
		FC440D7529DE37E60082E73A /* SignalRClient in Frameworks */ = {isa = PBXBuildFile; productRef = FC440D7429DE37E60082E73A /* SignalRClient */; };
		FC440D7729DE387E0082E73A /* SignalRService.swift in Sources */ = {isa = PBXBuildFile; fileRef = FC440D7629DE387E0082E73A /* SignalRService.swift */; };
		FCE0182029D905D70027D0A9 /* CapyWrite_ChatApp.swift in Sources */ = {isa = PBXBuildFile; fileRef = FCE0181F29D905D70027D0A9 /* CapyWrite_ChatApp.swift */; };
		FCE0182229D905D70027D0A9 /* LoginView.swift in Sources */ = {isa = PBXBuildFile; fileRef = FCE0182129D905D70027D0A9 /* LoginView.swift */; };
		FCE0182429D905D90027D0A9 /* Assets.xcassets in Resources */ = {isa = PBXBuildFile; fileRef = FCE0182329D905D90027D0A9 /* Assets.xcassets */; };
		FCE0182729D905D90027D0A9 /* Preview Assets.xcassets in Resources */ = {isa = PBXBuildFile; fileRef = FCE0182629D905D90027D0A9 /* Preview Assets.xcassets */; };
/* End PBXBuildFile section */

/* Begin PBXCopyFilesBuildPhase section */
		FC41D7DD29D9228100174BE3 /* Embed Frameworks */ = {
			isa = PBXCopyFilesBuildPhase;
			buildActionMask = 2147483647;
			dstPath = "";
			dstSubfolderSpec = 10;
			files = (
			);
			name = "Embed Frameworks";
			runOnlyForDeploymentPostprocessing = 0;
		};
/* End PBXCopyFilesBuildPhase section */

/* Begin PBXFileReference section */
		FC41D7DE29D950B700174BE3 /* WebKit.framework */ = {isa = PBXFileReference; lastKnownFileType = wrapper.framework; name = WebKit.framework; path = System/Library/Frameworks/WebKit.framework; sourceTree = SDKROOT; };
		FC440D5529DA03380082E73A /* PendingMFAView.swift */ = {isa = PBXFileReference; lastKnownFileType = sourcecode.swift; path = PendingMFAView.swift; sourceTree = "<group>"; };
		FC440D5729DA05380082E73A /* SignUpView.swift */ = {isa = PBXFileReference; lastKnownFileType = sourcecode.swift; path = SignUpView.swift; sourceTree = "<group>"; };
		FC440D5929DA081B0082E73A /* ForgotPasswordView.swift */ = {isa = PBXFileReference; lastKnownFileType = sourcecode.swift; path = ForgotPasswordView.swift; sourceTree = "<group>"; };
		FC440D5D29DA0A580082E73A /* MessagesView.swift */ = {isa = PBXFileReference; lastKnownFileType = sourcecode.swift; path = MessagesView.swift; sourceTree = "<group>"; };
		FC440D5F29DA0A770082E73A /* RecipientsView.swift */ = {isa = PBXFileReference; lastKnownFileType = sourcecode.swift; path = RecipientsView.swift; sourceTree = "<group>"; };
		FC440D6129DA0A9E0082E73A /* AccountSettingsView.swift */ = {isa = PBXFileReference; lastKnownFileType = sourcecode.swift; path = AccountSettingsView.swift; sourceTree = "<group>"; };
		FC440D6329DA0ABF0082E73A /* BlockedUsersView.swift */ = {isa = PBXFileReference; lastKnownFileType = sourcecode.swift; path = BlockedUsersView.swift; sourceTree = "<group>"; };
		FC440D6529DBEF180082E73A /* ProfileModel.swift */ = {isa = PBXFileReference; lastKnownFileType = sourcecode.swift; path = ProfileModel.swift; sourceTree = "<group>"; };
		FC440D6729DBF0CF0082E73A /* RecipientsViewModel.swift */ = {isa = PBXFileReference; lastKnownFileType = sourcecode.swift; path = RecipientsViewModel.swift; sourceTree = "<group>"; };
		FC440D6929DBF2F50082E73A /* ProfileListModel.swift */ = {isa = PBXFileReference; lastKnownFileType = sourcecode.swift; path = ProfileListModel.swift; sourceTree = "<group>"; };
		FC440D6B29DD55180082E73A /* MessagesViewModel.swift */ = {isa = PBXFileReference; lastKnownFileType = sourcecode.swift; path = MessagesViewModel.swift; sourceTree = "<group>"; };
		FC440D6D29DD55DD0082E73A /* MessageModel.swift */ = {isa = PBXFileReference; lastKnownFileType = sourcecode.swift; path = MessageModel.swift; sourceTree = "<group>"; };
		FC440D6F29DD55EB0082E73A /* SenderCardModel.swift */ = {isa = PBXFileReference; lastKnownFileType = sourcecode.swift; path = SenderCardModel.swift; sourceTree = "<group>"; };
		FC440D7129DD56C40082E73A /* MessageAPIModel.swift */ = {isa = PBXFileReference; lastKnownFileType = sourcecode.swift; path = MessageAPIModel.swift; sourceTree = "<group>"; };
		FC440D7629DE387E0082E73A /* SignalRService.swift */ = {isa = PBXFileReference; lastKnownFileType = sourcecode.swift; path = SignalRService.swift; sourceTree = "<group>"; };
		FCE0181C29D905D70027D0A9 /* CapyWrite Chat.app */ = {isa = PBXFileReference; explicitFileType = wrapper.application; includeInIndex = 0; path = "CapyWrite Chat.app"; sourceTree = BUILT_PRODUCTS_DIR; };
		FCE0181F29D905D70027D0A9 /* CapyWrite_ChatApp.swift */ = {isa = PBXFileReference; lastKnownFileType = sourcecode.swift; path = CapyWrite_ChatApp.swift; sourceTree = "<group>"; };
		FCE0182129D905D70027D0A9 /* LoginView.swift */ = {isa = PBXFileReference; lastKnownFileType = sourcecode.swift; path = LoginView.swift; sourceTree = "<group>"; };
		FCE0182329D905D90027D0A9 /* Assets.xcassets */ = {isa = PBXFileReference; lastKnownFileType = folder.assetcatalog; path = Assets.xcassets; sourceTree = "<group>"; };
		FCE0182629D905D90027D0A9 /* Preview Assets.xcassets */ = {isa = PBXFileReference; lastKnownFileType = folder.assetcatalog; path = "Preview Assets.xcassets"; sourceTree = "<group>"; };
/* End PBXFileReference section */

/* Begin PBXFrameworksBuildPhase section */
		FCE0181929D905D70027D0A9 /* Frameworks */ = {
			isa = PBXFrameworksBuildPhase;
			buildActionMask = 2147483647;
			files = (
				FC440D7529DE37E60082E73A /* SignalRClient in Frameworks */,
				FC41D7DF29D950B800174BE3 /* WebKit.framework in Frameworks */,
			);
			runOnlyForDeploymentPostprocessing = 0;
		};
/* End PBXFrameworksBuildPhase section */

/* Begin PBXGroup section */
		FC41D7D829D9226600174BE3 /* Frameworks */ = {
			isa = PBXGroup;
			children = (
				FC41D7DE29D950B700174BE3 /* WebKit.framework */,
			);
			name = Frameworks;
			sourceTree = "<group>";
		};
		FCE0181329D905D70027D0A9 = {
			isa = PBXGroup;
			children = (
				FCE0181E29D905D70027D0A9 /* CapyWrite Chat */,
				FCE0181D29D905D70027D0A9 /* Products */,
				FC41D7D829D9226600174BE3 /* Frameworks */,
			);
			sourceTree = "<group>";
		};
		FCE0181D29D905D70027D0A9 /* Products */ = {
			isa = PBXGroup;
			children = (
				FCE0181C29D905D70027D0A9 /* CapyWrite Chat.app */,
			);
			name = Products;
			sourceTree = "<group>";
		};
		FCE0181E29D905D70027D0A9 /* CapyWrite Chat */ = {
			isa = PBXGroup;
			children = (
				FC440D6129DA0A9E0082E73A /* AccountSettingsView.swift */,
				FC440D6329DA0ABF0082E73A /* BlockedUsersView.swift */,
				FCE0181F29D905D70027D0A9 /* CapyWrite_ChatApp.swift */,
				FCE0182129D905D70027D0A9 /* LoginView.swift */,
				FC440D5929DA081B0082E73A /* ForgotPasswordView.swift */,
				FC440D7129DD56C40082E73A /* MessageAPIModel.swift */,
				FC440D6D29DD55DD0082E73A /* MessageModel.swift */,
				FC440D5D29DA0A580082E73A /* MessagesView.swift */,
				FC440D6B29DD55180082E73A /* MessagesViewModel.swift */,
				FC440D5529DA03380082E73A /* PendingMFAView.swift */,
				FC440D6529DBEF180082E73A /* ProfileModel.swift */,
				FC440D6929DBF2F50082E73A /* ProfileListModel.swift */,
				FC440D5F29DA0A770082E73A /* RecipientsView.swift */,
				FC440D6729DBF0CF0082E73A /* RecipientsViewModel.swift */,
				FC440D6F29DD55EB0082E73A /* SenderCardModel.swift */,
				FC440D7629DE387E0082E73A /* SignalRService.swift */,
				FC440D5729DA05380082E73A /* SignUpView.swift */,
				FCE0182329D905D90027D0A9 /* Assets.xcassets */,
				FCE0182529D905D90027D0A9 /* Preview Content */,
			);
			path = "CapyWrite Chat";
			sourceTree = "<group>";
		};
		FCE0182529D905D90027D0A9 /* Preview Content */ = {
			isa = PBXGroup;
			children = (
				FCE0182629D905D90027D0A9 /* Preview Assets.xcassets */,
			);
			path = "Preview Content";
			sourceTree = "<group>";
		};
/* End PBXGroup section */

/* Begin PBXNativeTarget section */
		FCE0181B29D905D70027D0A9 /* CapyWrite Chat */ = {
			isa = PBXNativeTarget;
			buildConfigurationList = FCE0182A29D905D90027D0A9 /* Build configuration list for PBXNativeTarget "CapyWrite Chat" */;
			buildPhases = (
				FCE0181829D905D70027D0A9 /* Sources */,
				FCE0181929D905D70027D0A9 /* Frameworks */,
				FCE0181A29D905D70027D0A9 /* Resources */,
				FC41D7DD29D9228100174BE3 /* Embed Frameworks */,
			);
			buildRules = (
			);
			dependencies = (
			);
			name = "CapyWrite Chat";
			packageProductDependencies = (
				FC440D7429DE37E60082E73A /* SignalRClient */,
			);
			productName = "CapyWrite Chat";
			productReference = FCE0181C29D905D70027D0A9 /* CapyWrite Chat.app */;
			productType = "com.apple.product-type.application";
		};
/* End PBXNativeTarget section */

/* Begin PBXProject section */
		FCE0181429D905D70027D0A9 /* Project object */ = {
			isa = PBXProject;
			attributes = {
				BuildIndependentTargetsInParallel = 1;
				LastSwiftUpdateCheck = 1420;
				LastUpgradeCheck = 1420;
				TargetAttributes = {
					FCE0181B29D905D70027D0A9 = {
						CreatedOnToolsVersion = 14.2;
					};
				};
			};
			buildConfigurationList = FCE0181729D905D70027D0A9 /* Build configuration list for PBXProject "CapyWrite Chat" */;
			compatibilityVersion = "Xcode 14.0";
			developmentRegion = en;
			hasScannedForEncodings = 0;
			knownRegions = (
				en,
				Base,
			);
			mainGroup = FCE0181329D905D70027D0A9;
			packageReferences = (
				FC440D7329DE37E60082E73A /* XCRemoteSwiftPackageReference "SignalR-Client-Swift" */,
			);
			productRefGroup = FCE0181D29D905D70027D0A9 /* Products */;
			projectDirPath = "";
			projectRoot = "";
			targets = (
				FCE0181B29D905D70027D0A9 /* CapyWrite Chat */,
			);
		};
/* End PBXProject section */

/* Begin PBXResourcesBuildPhase section */
		FCE0181A29D905D70027D0A9 /* Resources */ = {
			isa = PBXResourcesBuildPhase;
			buildActionMask = 2147483647;
			files = (
				FCE0182729D905D90027D0A9 /* Preview Assets.xcassets in Resources */,
				FCE0182429D905D90027D0A9 /* Assets.xcassets in Resources */,
			);
			runOnlyForDeploymentPostprocessing = 0;
		};
/* End PBXResourcesBuildPhase section */

/* Begin PBXSourcesBuildPhase section */
		FCE0181829D905D70027D0A9 /* Sources */ = {
			isa = PBXSourcesBuildPhase;
			buildActionMask = 2147483647;
			files = (
				FC440D7229DD56C50082E73A /* MessageAPIModel.swift in Sources */,
				FC440D5829DA05380082E73A /* SignUpView.swift in Sources */,
				FC440D5629DA03380082E73A /* PendingMFAView.swift in Sources */,
				FCE0182229D905D70027D0A9 /* LoginView.swift in Sources */,
				FC440D7029DD55EB0082E73A /* SenderCardModel.swift in Sources */,
				FC440D6029DA0A770082E73A /* RecipientsView.swift in Sources */,
				FC440D5A29DA081B0082E73A /* ForgotPasswordView.swift in Sources */,
				FC440D6629DBEF180082E73A /* ProfileModel.swift in Sources */,
				FC440D6429DA0ABF0082E73A /* BlockedUsersView.swift in Sources */,
				FC440D6A29DBF2F50082E73A /* ProfileListModel.swift in Sources */,
				FC440D6C29DD55180082E73A /* MessagesViewModel.swift in Sources */,
				FC440D7729DE387E0082E73A /* SignalRService.swift in Sources */,
				FC440D6E29DD55DD0082E73A /* MessageModel.swift in Sources */,
				FC440D6229DA0A9E0082E73A /* AccountSettingsView.swift in Sources */,
				FC440D5E29DA0A580082E73A /* MessagesView.swift in Sources */,
				FCE0182029D905D70027D0A9 /* CapyWrite_ChatApp.swift in Sources */,
				FC440D6829DBF0CF0082E73A /* RecipientsViewModel.swift in Sources */,
			);
			runOnlyForDeploymentPostprocessing = 0;
		};
/* End PBXSourcesBuildPhase section */

/* Begin XCBuildConfiguration section */
		FCE0182829D905D90027D0A9 /* Debug */ = {
			isa = XCBuildConfiguration;
			buildSettings = {
				ALWAYS_SEARCH_USER_PATHS = NO;
				CLANG_ANALYZER_NONNULL = YES;
				CLANG_ANALYZER_NUMBER_OBJECT_CONVERSION = YES_AGGRESSIVE;
				CLANG_CXX_LANGUAGE_STANDARD = "gnu++20";
				CLANG_ENABLE_MODULES = YES;
				CLANG_ENABLE_OBJC_ARC = YES;
				CLANG_ENABLE_OBJC_WEAK = YES;
				CLANG_WARN_BLOCK_CAPTURE_AUTORELEASING = YES;
				CLANG_WARN_BOOL_CONVERSION = YES;
				CLANG_WARN_COMMA = YES;
				CLANG_WARN_CONSTANT_CONVERSION = YES;
				CLANG_WARN_DEPRECATED_OBJC_IMPLEMENTATIONS = YES;
				CLANG_WARN_DIRECT_OBJC_ISA_USAGE = YES_ERROR;
				CLANG_WARN_DOCUMENTATION_COMMENTS = YES;
				CLANG_WARN_EMPTY_BODY = YES;
				CLANG_WARN_ENUM_CONVERSION = YES;
				CLANG_WARN_INFINITE_RECURSION = YES;
				CLANG_WARN_INT_CONVERSION = YES;
				CLANG_WARN_NON_LITERAL_NULL_CONVERSION = YES;
				CLANG_WARN_OBJC_IMPLICIT_RETAIN_SELF = YES;
				CLANG_WARN_OBJC_LITERAL_CONVERSION = YES;
				CLANG_WARN_OBJC_ROOT_CLASS = YES_ERROR;
				CLANG_WARN_QUOTED_INCLUDE_IN_FRAMEWORK_HEADER = YES;
				CLANG_WARN_RANGE_LOOP_ANALYSIS = YES;
				CLANG_WARN_STRICT_PROTOTYPES = YES;
				CLANG_WARN_SUSPICIOUS_MOVE = YES;
				CLANG_WARN_UNGUARDED_AVAILABILITY = YES_AGGRESSIVE;
				CLANG_WARN_UNREACHABLE_CODE = YES;
				CLANG_WARN__DUPLICATE_METHOD_MATCH = YES;
				COPY_PHASE_STRIP = NO;
				DEBUG_INFORMATION_FORMAT = dwarf;
				ENABLE_STRICT_OBJC_MSGSEND = YES;
				ENABLE_TESTABILITY = YES;
				GCC_C_LANGUAGE_STANDARD = gnu11;
				GCC_DYNAMIC_NO_PIC = NO;
				GCC_NO_COMMON_BLOCKS = YES;
				GCC_OPTIMIZATION_LEVEL = 0;
				GCC_PREPROCESSOR_DEFINITIONS = (
					"DEBUG=1",
					"$(inherited)",
				);
				GCC_WARN_64_TO_32_BIT_CONVERSION = YES;
				GCC_WARN_ABOUT_RETURN_TYPE = YES_ERROR;
				GCC_WARN_UNDECLARED_SELECTOR = YES;
				GCC_WARN_UNINITIALIZED_AUTOS = YES_AGGRESSIVE;
				GCC_WARN_UNUSED_FUNCTION = YES;
				GCC_WARN_UNUSED_VARIABLE = YES;
				IPHONEOS_DEPLOYMENT_TARGET = 16.2;
				MTL_ENABLE_DEBUG_INFO = INCLUDE_SOURCE;
				MTL_FAST_MATH = YES;
				ONLY_ACTIVE_ARCH = YES;
				SDKROOT = iphoneos;
				SWIFT_ACTIVE_COMPILATION_CONDITIONS = DEBUG;
				SWIFT_OPTIMIZATION_LEVEL = "-Onone";
			};
			name = Debug;
		};
		FCE0182929D905D90027D0A9 /* Release */ = {
			isa = XCBuildConfiguration;
			buildSettings = {
				ALWAYS_SEARCH_USER_PATHS = NO;
				CLANG_ANALYZER_NONNULL = YES;
				CLANG_ANALYZER_NUMBER_OBJECT_CONVERSION = YES_AGGRESSIVE;
				CLANG_CXX_LANGUAGE_STANDARD = "gnu++20";
				CLANG_ENABLE_MODULES = YES;
				CLANG_ENABLE_OBJC_ARC = YES;
				CLANG_ENABLE_OBJC_WEAK = YES;
				CLANG_WARN_BLOCK_CAPTURE_AUTORELEASING = YES;
				CLANG_WARN_BOOL_CONVERSION = YES;
				CLANG_WARN_COMMA = YES;
				CLANG_WARN_CONSTANT_CONVERSION = YES;
				CLANG_WARN_DEPRECATED_OBJC_IMPLEMENTATIONS = YES;
				CLANG_WARN_DIRECT_OBJC_ISA_USAGE = YES_ERROR;
				CLANG_WARN_DOCUMENTATION_COMMENTS = YES;
				CLANG_WARN_EMPTY_BODY = YES;
				CLANG_WARN_ENUM_CONVERSION = YES;
				CLANG_WARN_INFINITE_RECURSION = YES;
				CLANG_WARN_INT_CONVERSION = YES;
				CLANG_WARN_NON_LITERAL_NULL_CONVERSION = YES;
				CLANG_WARN_OBJC_IMPLICIT_RETAIN_SELF = YES;
				CLANG_WARN_OBJC_LITERAL_CONVERSION = YES;
				CLANG_WARN_OBJC_ROOT_CLASS = YES_ERROR;
				CLANG_WARN_QUOTED_INCLUDE_IN_FRAMEWORK_HEADER = YES;
				CLANG_WARN_RANGE_LOOP_ANALYSIS = YES;
				CLANG_WARN_STRICT_PROTOTYPES = YES;
				CLANG_WARN_SUSPICIOUS_MOVE = YES;
				CLANG_WARN_UNGUARDED_AVAILABILITY = YES_AGGRESSIVE;
				CLANG_WARN_UNREACHABLE_CODE = YES;
				CLANG_WARN__DUPLICATE_METHOD_MATCH = YES;
				COPY_PHASE_STRIP = NO;
				DEBUG_INFORMATION_FORMAT = "dwarf-with-dsym";
				ENABLE_NS_ASSERTIONS = NO;
				ENABLE_STRICT_OBJC_MSGSEND = YES;
				GCC_C_LANGUAGE_STANDARD = gnu11;
				GCC_NO_COMMON_BLOCKS = YES;
				GCC_WARN_64_TO_32_BIT_CONVERSION = YES;
				GCC_WARN_ABOUT_RETURN_TYPE = YES_ERROR;
				GCC_WARN_UNDECLARED_SELECTOR = YES;
				GCC_WARN_UNINITIALIZED_AUTOS = YES_AGGRESSIVE;
				GCC_WARN_UNUSED_FUNCTION = YES;
				GCC_WARN_UNUSED_VARIABLE = YES;
				IPHONEOS_DEPLOYMENT_TARGET = 16.2;
				MTL_ENABLE_DEBUG_INFO = NO;
				MTL_FAST_MATH = YES;
				SDKROOT = iphoneos;
				SWIFT_COMPILATION_MODE = wholemodule;
				SWIFT_OPTIMIZATION_LEVEL = "-O";
				VALIDATE_PRODUCT = YES;
			};
			name = Release;
		};
		FCE0182B29D905D90027D0A9 /* Debug */ = {
			isa = XCBuildConfiguration;
			buildSettings = {
				ASSETCATALOG_COMPILER_APPICON_NAME = AppIcon;
				ASSETCATALOG_COMPILER_GLOBAL_ACCENT_COLOR_NAME = AccentColor;
				CODE_SIGN_STYLE = Automatic;
				CURRENT_PROJECT_VERSION = 1;
				DEVELOPMENT_ASSET_PATHS = "\"CapyWrite Chat/Preview Content\"";
				DEVELOPMENT_TEAM = 8A2FTN4WVZ;
				ENABLE_PREVIEWS = YES;
				GENERATE_INFOPLIST_FILE = YES;
				INFOPLIST_KEY_UIApplicationSceneManifest_Generation = YES;
				INFOPLIST_KEY_UIApplicationSupportsIndirectInputEvents = YES;
				INFOPLIST_KEY_UILaunchScreen_Generation = YES;
				INFOPLIST_KEY_UISupportedInterfaceOrientations_iPad = "UIInterfaceOrientationPortrait UIInterfaceOrientationPortraitUpsideDown UIInterfaceOrientationLandscapeLeft UIInterfaceOrientationLandscapeRight";
				INFOPLIST_KEY_UISupportedInterfaceOrientations_iPhone = "UIInterfaceOrientationPortrait UIInterfaceOrientationLandscapeLeft UIInterfaceOrientationLandscapeRight";
				LD_RUNPATH_SEARCH_PATHS = (
					"$(inherited)",
					"@executable_path/Frameworks",
				);
				MARKETING_VERSION = 1.0;
				PRODUCT_BUNDLE_IDENTIFIER = "brandonm.CapyWrite-Chat";
				PRODUCT_NAME = "$(TARGET_NAME)";
				SWIFT_EMIT_LOC_STRINGS = YES;
				SWIFT_VERSION = 5.0;
				TARGETED_DEVICE_FAMILY = "1,2";
			};
			name = Debug;
		};
		FCE0182C29D905D90027D0A9 /* Release */ = {
			isa = XCBuildConfiguration;
			buildSettings = {
				ASSETCATALOG_COMPILER_APPICON_NAME = AppIcon;
				ASSETCATALOG_COMPILER_GLOBAL_ACCENT_COLOR_NAME = AccentColor;
				CODE_SIGN_STYLE = Automatic;
				CURRENT_PROJECT_VERSION = 1;
				DEVELOPMENT_ASSET_PATHS = "\"CapyWrite Chat/Preview Content\"";
				DEVELOPMENT_TEAM = 8A2FTN4WVZ;
				ENABLE_PREVIEWS = YES;
				GENERATE_INFOPLIST_FILE = YES;
				INFOPLIST_KEY_UIApplicationSceneManifest_Generation = YES;
				INFOPLIST_KEY_UIApplicationSupportsIndirectInputEvents = YES;
				INFOPLIST_KEY_UILaunchScreen_Generation = YES;
				INFOPLIST_KEY_UISupportedInterfaceOrientations_iPad = "UIInterfaceOrientationPortrait UIInterfaceOrientationPortraitUpsideDown UIInterfaceOrientationLandscapeLeft UIInterfaceOrientationLandscapeRight";
				INFOPLIST_KEY_UISupportedInterfaceOrientations_iPhone = "UIInterfaceOrientationPortrait UIInterfaceOrientationLandscapeLeft UIInterfaceOrientationLandscapeRight";
				LD_RUNPATH_SEARCH_PATHS = (
					"$(inherited)",
					"@executable_path/Frameworks",
				);
				MARKETING_VERSION = 1.0;
				PRODUCT_BUNDLE_IDENTIFIER = "brandonm.CapyWrite-Chat";
				PRODUCT_NAME = "$(TARGET_NAME)";
				SWIFT_EMIT_LOC_STRINGS = YES;
				SWIFT_VERSION = 5.0;
				TARGETED_DEVICE_FAMILY = "1,2";
			};
			name = Release;
		};
/* End XCBuildConfiguration section */

/* Begin XCConfigurationList section */
		FCE0181729D905D70027D0A9 /* Build configuration list for PBXProject "CapyWrite Chat" */ = {
			isa = XCConfigurationList;
			buildConfigurations = (
				FCE0182829D905D90027D0A9 /* Debug */,
				FCE0182929D905D90027D0A9 /* Release */,
			);
			defaultConfigurationIsVisible = 0;
			defaultConfigurationName = Release;
		};
		FCE0182A29D905D90027D0A9 /* Build configuration list for PBXNativeTarget "CapyWrite Chat" */ = {
			isa = XCConfigurationList;
			buildConfigurations = (
				FCE0182B29D905D90027D0A9 /* Debug */,
				FCE0182C29D905D90027D0A9 /* Release */,
			);
			defaultConfigurationIsVisible = 0;
			defaultConfigurationName = Release;
		};
/* End XCConfigurationList section */

/* Begin XCRemoteSwiftPackageReference section */
		FC440D7329DE37E60082E73A /* XCRemoteSwiftPackageReference "SignalR-Client-Swift" */ = {
			isa = XCRemoteSwiftPackageReference;
			repositoryURL = "https://github.com/moozzyk/SignalR-Client-Swift";
			requirement = {
				branch = master;
				kind = branch;
			};
		};
/* End XCRemoteSwiftPackageReference section */

/* Begin XCSwiftPackageProductDependency section */
		FC440D7429DE37E60082E73A /* SignalRClient */ = {
			isa = XCSwiftPackageProductDependency;
			package = FC440D7329DE37E60082E73A /* XCRemoteSwiftPackageReference "SignalR-Client-Swift" */;
			productName = SignalRClient;
		};
/* End XCSwiftPackageProductDependency section */
	};
	rootObject = FCE0181429D905D70027D0A9 /* Project object */;
}
